
Microsoft Visual Studio Solution File, Format Version 12.00
# Visual Studio Version 16
VisualStudioVersion = 16.0.30002.166
MinimumVisualStudioVersion = 10.0.40219.1
Project("{FAE04EC0-301F-11D3-BF4B-00C04F79EFBC}") = "CMPE2800_Lab02", "CMPE2800_Lab02\CMPE2800_Lab02.csproj", "{D7699609-E979-47A2-86B8-241F5D4A51F5}"
EndProject
Project("{9A19103F-16F7-4668-BE54-9A1E7A4F7556}") = "TankGameTest", "TankGameTest\TankGameTest.csproj", "{AA229489-DC76-4568-8D13-2D47CB51C16A}"
EndProject
Global
	GlobalSection(SolutionConfigurationPlatforms) = preSolution
		Debug|Any CPU = Debug|Any CPU
		Debug|x64 = Debug|x64
		Debug|x86 = Debug|x86
		Release|Any CPU = Release|Any CPU
		Release|x64 = Release|x64
		Release|x86 = Release|x86
	EndGlobalSection
	GlobalSection(ProjectConfigurationPlatforms) = postSolution
		{D7699609-E979-47A2-86B8-241F5D4A51F5}.Debug|Any CPU.ActiveCfg = Debug|Any CPU
		{D7699609-E979-47A2-86B8-241F5D4A51F5}.Debug|Any CPU.Build.0 = Debug|Any CPU
		{D7699609-E979-47A2-86B8-241F5D4A51F5}.Debug|x64.ActiveCfg = Debug|x64
		{D7699609-E979-47A2-86B8-241F5D4A51F5}.Debug|x64.Build.0 = Debug|x64
		{D7699609-E979-47A2-86B8-241F5D4A51F5}.Debug|x86.ActiveCfg = Debug|x86
		{D7699609-E979-47A2-86B8-241F5D4A51F5}.Debug|x86.Build.0 = Debug|x86
		{D7699609-E979-47A2-86B8-241F5D4A51F5}.Release|Any CPU.ActiveCfg = Release|Any CPU
		{D7699609-E979-47A2-86B8-241F5D4A51F5}.Release|Any CPU.Build.0 = Release|Any CPU
		{D7699609-E979-47A2-86B8-241F5D4A51F5}.Release|x64.ActiveCfg = Release|Any CPU
		{D7699609-E979-47A2-86B8-241F5D4A51F5}.Release|x64.Build.0 = Release|Any CPU
		{D7699609-E979-47A2-86B8-241F5D4A51F5}.Release|x86.ActiveCfg = Release|x86
		{D7699609-E979-47A2-86B8-241F5D4A51F5}.Release|x86.Build.0 = Release|x86
		{AA229489-DC76-4568-8D13-2D47CB51C16A}.Debug|Any CPU.ActiveCfg = Debug|Any CPU
		{AA229489-DC76-4568-8D13-2D47CB51C16A}.Debug|Any CPU.Build.0 = Debug|Any CPU
		{AA229489-DC76-4568-8D13-2D47CB51C16A}.Debug|x64.ActiveCfg = Debug|Any CPU
		{AA229489-DC76-4568-8D13-2D47CB51C16A}.Debug|x64.Build.0 = Debug|Any CPU
		{AA229489-DC76-4568-8D13-2D47CB51C16A}.Debug|x86.ActiveCfg = Debug|x86
		{AA229489-DC76-4568-8D13-2D47CB51C16A}.Debug|x86.Build.0 = Debug|x86
		{AA229489-DC76-4568-8D13-2D47CB51C16A}.Release|Any CPU.ActiveCfg = Release|Any CPU
		{AA229489-DC76-4568-8D13-2D47CB51C16A}.Release|Any CPU.Build.0 = Release|Any CPU
		{AA229489-DC76-4568-8D13-2D47CB51C16A}.Release|x64.ActiveCfg = Release|Any CPU
		{AA229489-DC76-4568-8D13-2D47CB51C16A}.Release|x64.Build.0 = Release|Any CPU
		{AA229489-DC76-4568-8D13-2D47CB51C16A}.Release|x86.ActiveCfg = Release|Any CPU
		{AA229489-DC76-4568-8D13-2D47CB51C16A}.Release|x86.Build.0 = Release|Any CPU
	EndGlobalSection
	GlobalSection(SolutionProperties) = preSolution
		HideSolutionNode = FALSE
	EndGlobalSection
	GlobalSection(ExtensibilityGlobals) = postSolution
		SolutionGuid = {AF4EB5E4-4E3A-4ACE-909A-38B7B70AF622}
	EndGlobalSection
	GlobalSection(SubversionScc) = preSolution
		Svn-Managed = True
		Manager = AnkhSVN - Subversion Support for Visual Studio
	EndGlobalSection
EndGlobal
